// !$*UTF8*$!
{
	archiveVersion = 1;
	classes = {
	};
	objectVersion = 48;
	objects = {

/* Begin PBXBuildFile section */
		741D2872201DC5E9001B89FB /* AppDelegate.swift in Sources */ = {isa = PBXBuildFile; fileRef = 741D2871201DC5E9001B89FB /* AppDelegate.swift */; };
		741D2874201DC5E9001B89FB /* ViewController.swift in Sources */ = {isa = PBXBuildFile; fileRef = 741D2873201DC5E9001B89FB /* ViewController.swift */; };
		741D2877201DC5E9001B89FB /* Main.storyboard in Resources */ = {isa = PBXBuildFile; fileRef = 741D2875201DC5E9001B89FB /* Main.storyboard */; };
		741D2879201DC5E9001B89FB /* Assets.xcassets in Resources */ = {isa = PBXBuildFile; fileRef = 741D2878201DC5E9001B89FB /* Assets.xcassets */; };
		741D287C201DC5E9001B89FB /* LaunchScreen.storyboard in Resources */ = {isa = PBXBuildFile; fileRef = 741D287A201DC5E9001B89FB /* LaunchScreen.storyboard */; };
		741D2887201DC5E9001B89FB /* ComDataTests.swift in Sources */ = {isa = PBXBuildFile; fileRef = 741D2886201DC5E9001B89FB /* ComDataTests.swift */; };
		741D2892201DC5E9001B89FB /* ComDataUITests.swift in Sources */ = {isa = PBXBuildFile; fileRef = 741D2891201DC5E9001B89FB /* ComDataUITests.swift */; };
/* End PBXBuildFile section */

/* Begin PBXContainerItemProxy section */
		741D2883201DC5E9001B89FB /* PBXContainerItemProxy */ = {
			isa = PBXContainerItemProxy;
			containerPortal = 741D2866201DC5E9001B89FB /* Project object */;
			proxyType = 1;
			remoteGlobalIDString = 741D286D201DC5E9001B89FB;
			remoteInfo = ComData;
		};
		741D288E201DC5E9001B89FB /* PBXContainerItemProxy */ = {
			isa = PBXContainerItemProxy;
			containerPortal = 741D2866201DC5E9001B89FB /* Project object */;
			proxyType = 1;
			remoteGlobalIDString = 741D286D201DC5E9001B89FB;
			remoteInfo = ComData;
		};
/* End PBXContainerItemProxy section */

/* Begin PBXFileReference section */
		741D286E201DC5E9001B89FB /* ComData.app */ = {isa = PBXFileReference; explicitFileType = wrapper.application; includeInIndex = 0; path = ComData.app; sourceTree = BUILT_PRODUCTS_DIR; };
		741D2871201DC5E9001B89FB /* AppDelegate.swift */ = {isa = PBXFileReference; lastKnownFileType = sourcecode.swift; path = AppDelegate.swift; sourceTree = "<group>"; };
		741D2873201DC5E9001B89FB /* ViewController.swift */ = {isa = PBXFileReference; lastKnownFileType = sourcecode.swift; path = ViewController.swift; sourceTree = "<group>"; };
		741D2876201DC5E9001B89FB /* Base */ = {isa = PBXFileReference; lastKnownFileType = file.storyboard; name = Base; path = Base.lproj/Main.storyboard; sourceTree = "<group>"; };
		741D2878201DC5E9001B89FB /* Assets.xcassets */ = {isa = PBXFileReference; lastKnownFileType = folder.assetcatalog; path = Assets.xcassets; sourceTree = "<group>"; };
		741D287B201DC5E9001B89FB /* Base */ = {isa = PBXFileReference; lastKnownFileType = file.storyboard; name = Base; path = Base.lproj/LaunchScreen.storyboard; sourceTree = "<group>"; };
		741D287D201DC5E9001B89FB /* Info.plist */ = {isa = PBXFileReference; lastKnownFileType = text.plist.xml; path = Info.plist; sourceTree = "<group>"; };
		741D2882201DC5E9001B89FB /* ComDataTests.xctest */ = {isa = PBXFileReference; explicitFileType = wrapper.cfbundle; includeInIndex = 0; path = ComDataTests.xctest; sourceTree = BUILT_PRODUCTS_DIR; };
		741D2886201DC5E9001B89FB /* ComDataTests.swift */ = {isa = PBXFileReference; lastKnownFileType = sourcecode.swift; path = ComDataTests.swift; sourceTree = "<group>"; };
		741D2888201DC5E9001B89FB /* Info.plist */ = {isa = PBXFileReference; lastKnownFileType = text.plist.xml; path = Info.plist; sourceTree = "<group>"; };
		741D288D201DC5E9001B89FB /* ComDataUITests.xctest */ = {isa = PBXFileReference; explicitFileType = wrapper.cfbundle; includeInIndex = 0; path = ComDataUITests.xctest; sourceTree = BUILT_PRODUCTS_DIR; };
		741D2891201DC5E9001B89FB /* ComDataUITests.swift */ = {isa = PBXFileReference; lastKnownFileType = sourcecode.swift; path = ComDataUITests.swift; sourceTree = "<group>"; };
		741D2893201DC5E9001B89FB /* Info.plist */ = {isa = PBXFileReference; lastKnownFileType = text.plist.xml; path = Info.plist; sourceTree = "<group>"; };
/* End PBXFileReference section */

/* Begin PBXFrameworksBuildPhase section */
		741D286B201DC5E9001B89FB /* Frameworks */ = {
			isa = PBXFrameworksBuildPhase;
			buildActionMask = 2147483647;
			files = (
			);
			runOnlyForDeploymentPostprocessing = 0;
		};
		741D287F201DC5E9001B89FB /* Frameworks */ = {
			isa = PBXFrameworksBuildPhase;
			buildActionMask = 2147483647;
			files = (
			);
			runOnlyForDeploymentPostprocessing = 0;
		};
		741D288A201DC5E9001B89FB /* Frameworks */ = {
			isa = PBXFrameworksBuildPhase;
			buildActionMask = 2147483647;
			files = (
			);
			runOnlyForDeploymentPostprocessing = 0;
		};
/* End PBXFrameworksBuildPhase section */

/* Begin PBXGroup section */
		741D2865201DC5E9001B89FB = {
			isa = PBXGroup;
			children = (
				741D2870201DC5E9001B89FB /* ComData */,
				741D2885201DC5E9001B89FB /* ComDataTests */,
				741D2890201DC5E9001B89FB /* ComDataUITests */,
				741D286F201DC5E9001B89FB /* Products */,
			);
			sourceTree = "<group>";
		};
		741D286F201DC5E9001B89FB /* Products */ = {
			isa = PBXGroup;
			children = (
				741D286E201DC5E9001B89FB /* ComData.app */,
				741D2882201DC5E9001B89FB /* ComDataTests.xctest */,
				741D288D201DC5E9001B89FB /* ComDataUITests.xctest */,
			);
			name = Products;
			sourceTree = "<group>";
		};
		741D2870201DC5E9001B89FB /* ComData */ = {
			isa = PBXGroup;
			children = (
				741D2871201DC5E9001B89FB /* AppDelegate.swift */,
				741D2873201DC5E9001B89FB /* ViewController.swift */,
				741D2875201DC5E9001B89FB /* Main.storyboard */,
				741D2878201DC5E9001B89FB /* Assets.xcassets */,
				741D287A201DC5E9001B89FB /* LaunchScreen.storyboard */,
				741D287D201DC5E9001B89FB /* Info.plist */,
			);
			path = ComData;
			sourceTree = "<group>";
		};
		741D2885201DC5E9001B89FB /* ComDataTests */ = {
			isa = PBXGroup;
			children = (
				741D2886201DC5E9001B89FB /* ComDataTests.swift */,
				741D2888201DC5E9001B89FB /* Info.plist */,
			);
			path = ComDataTests;
			sourceTree = "<group>";
		};
		741D2890201DC5E9001B89FB /* ComDataUITests */ = {
			isa = PBXGroup;
			children = (
				741D2891201DC5E9001B89FB /* ComDataUITests.swift */,
				741D2893201DC5E9001B89FB /* Info.plist */,
			);
			path = ComDataUITests;
			sourceTree = "<group>";
		};
/* End PBXGroup section */

/* Begin PBXNativeTarget section */
		741D286D201DC5E9001B89FB /* ComData */ = {
			isa = PBXNativeTarget;
			buildConfigurationList = 741D2896201DC5E9001B89FB /* Build configuration list for PBXNativeTarget "ComData" */;
			buildPhases = (
				741D286A201DC5E9001B89FB /* Sources */,
				741D286B201DC5E9001B89FB /* Frameworks */,
				741D286C201DC5E9001B89FB /* Resources */,
			);
			buildRules = (
			);
			dependencies = (
			);
			name = ComData;
			productName = ComData;
			productReference = 741D286E201DC5E9001B89FB /* ComData.app */;
			productType = "com.apple.product-type.application";
		};
		741D2881201DC5E9001B89FB /* ComDataTests */ = {
			isa = PBXNativeTarget;
			buildConfigurationList = 741D2899201DC5E9001B89FB /* Build configuration list for PBXNativeTarget "ComDataTests" */;
			buildPhases = (
				741D287E201DC5E9001B89FB /* Sources */,
				741D287F201DC5E9001B89FB /* Frameworks */,
				741D2880201DC5E9001B89FB /* Resources */,
			);
			buildRules = (
			);
			dependencies = (
				741D2884201DC5E9001B89FB /* PBXTargetDependency */,
			);
			name = ComDataTests;
			productName = ComDataTests;
			productReference = 741D2882201DC5E9001B89FB /* ComDataTests.xctest */;
			productType = "com.apple.product-type.bundle.unit-test";
		};
		741D288C201DC5E9001B89FB /* ComDataUITests */ = {
			isa = PBXNativeTarget;
			buildConfigurationList = 741D289C201DC5E9001B89FB /* Build configuration list for PBXNativeTarget "ComDataUITests" */;
			buildPhases = (
				741D2889201DC5E9001B89FB /* Sources */,
				741D288A201DC5E9001B89FB /* Frameworks */,
				741D288B201DC5E9001B89FB /* Resources */,
			);
			buildRules = (
			);
			dependencies = (
				741D288F201DC5E9001B89FB /* PBXTargetDependency */,
			);
			name = ComDataUITests;
			productName = ComDataUITests;
			productReference = 741D288D201DC5E9001B89FB /* ComDataUITests.xctest */;
			productType = "com.apple.product-type.bundle.ui-testing";
		};
/* End PBXNativeTarget section */

/* Begin PBXProject section */
		741D2866201DC5E9001B89FB /* Project object */ = {
			isa = PBXProject;
			attributes = {
				LastSwiftUpdateCheck = 0920;
				LastUpgradeCheck = 0920;
				ORGANIZATIONNAME = "Bani Singh";
				TargetAttributes = {
					741D286D201DC5E9001B89FB = {
						CreatedOnToolsVersion = 9.2;
						ProvisioningStyle = Automatic;
					};
					741D2881201DC5E9001B89FB = {
						CreatedOnToolsVersion = 9.2;
						ProvisioningStyle = Automatic;
						TestTargetID = 741D286D201DC5E9001B89FB;
					};
					741D288C201DC5E9001B89FB = {
						CreatedOnToolsVersion = 9.2;
						ProvisioningStyle = Automatic;
						TestTargetID = 741D286D201DC5E9001B89FB;
					};
				};
			};
			buildConfigurationList = 741D2869201DC5E9001B89FB /* Build configuration list for PBXProject "ComData" */;
			compatibilityVersion = "Xcode 8.0";
			developmentRegion = en;
			hasScannedForEncodings = 0;
			knownRegions = (
				en,
				Base,
			);
			mainGroup = 741D2865201DC5E9001B89FB;
			productRefGroup = 741D286F201DC5E9001B89FB /* Products */;
			projectDirPath = "";
			projectRoot = "";
			targets = (
				741D286D201DC5E9001B89FB /* ComData */,
				741D2881201DC5E9001B89FB /* ComDataTests */,
				741D288C201DC5E9001B89FB /* ComDataUITests */,
			);
		};
/* End PBXProject section */

/* Begin PBXResourcesBuildPhase section */
		741D286C201DC5E9001B89FB /* Resources */ = {
			isa = PBXResourcesBuildPhase;
			buildActionMask = 2147483647;
			files = (
				741D287C201DC5E9001B89FB /* LaunchScreen.storyboard in Resources */,
				741D2879201DC5E9001B89FB /* Assets.xcassets in Resources */,
				741D2877201DC5E9001B89FB /* Main.storyboard in Resources */,
			);
			runOnlyForDeploymentPostprocessing = 0;
		};
		741D2880201DC5E9001B89FB /* Resources */ = {
			isa = PBXResourcesBuildPhase;
			buildActionMask = 2147483647;
			files = (
			);
			runOnlyForDeploymentPostprocessing = 0;
		};
		741D288B201DC5E9001B89FB /* Resources */ = {
			isa = PBXResourcesBuildPhase;
			buildActionMask = 2147483647;
			files = (
			);
			runOnlyForDeploymentPostprocessing = 0;
		};
/* End PBXResourcesBuildPhase section */

/* Begin PBXSourcesBuildPhase section */
		741D286A201DC5E9001B89FB /* Sources */ = {
			isa = PBXSourcesBuildPhase;
			buildActionMask = 2147483647;
			files = (
				741D2874201DC5E9001B89FB /* ViewController.swift in Sources */,
				741D2872201DC5E9001B89FB /* AppDelegate.swift in Sources */,
			);
			runOnlyForDeploymentPostprocessing = 0;
		};
		741D287E201DC5E9001B89FB /* Sources */ = {
			isa = PBXSourcesBuildPhase;
			buildActionMask = 2147483647;
			files = (
				741D2887201DC5E9001B89FB /* ComDataTests.swift in Sources */,
			);
			runOnlyForDeploymentPostprocessing = 0;
		};
		741D2889201DC5E9001B89FB /* Sources */ = {
			isa = PBXSourcesBuildPhase;
			buildActionMask = 2147483647;
			files = (
				741D2892201DC5E9001B89FB /* ComDataUITests.swift in Sources */,
			);
			runOnlyForDeploymentPostprocessing = 0;
		};
/* End PBXSourcesBuildPhase section */

/* Begin PBXTargetDependency section */
		741D2884201DC5E9001B89FB /* PBXTargetDependency */ = {
			isa = PBXTargetDependency;
			target = 741D286D201DC5E9001B89FB /* ComData */;
			targetProxy = 741D2883201DC5E9001B89FB /* PBXContainerItemProxy */;
		};
		741D288F201DC5E9001B89FB /* PBXTargetDependency */ = {
			isa = PBXTargetDependency;
			target = 741D286D201DC5E9001B89FB /* ComData */;
			targetProxy = 741D288E201DC5E9001B89FB /* PBXContainerItemProxy */;
		};
/* End PBXTargetDependency section */

/* Begin PBXVariantGroup section */
		741D2875201DC5E9001B89FB /* Main.storyboard */ = {
			isa = PBXVariantGroup;
			children = (
				741D2876201DC5E9001B89FB /* Base */,
			);
			name = Main.storyboard;
			sourceTree = "<group>";
		};
		741D287A201DC5E9001B89FB /* LaunchScreen.storyboard */ = {
			isa = PBXVariantGroup;
			children = (
				741D287B201DC5E9001B89FB /* Base */,
			);
			name = LaunchScreen.storyboard;
			sourceTree = "<group>";
		};
/* End PBXVariantGroup section */

/* Begin XCBuildConfiguration section */
		741D2894201DC5E9001B89FB /* Debug */ = {
			isa = XCBuildConfiguration;
			buildSettings = {
				ALWAYS_SEARCH_USER_PATHS = NO;
				CLANG_ANALYZER_NONNULL = YES;
				CLANG_ANALYZER_NUMBER_OBJECT_CONVERSION = YES_AGGRESSIVE;
				CLANG_CXX_LANGUAGE_STANDARD = "gnu++14";
				CLANG_CXX_LIBRARY = "libc++";
				CLANG_ENABLE_MODULES = YES;
				CLANG_ENABLE_OBJC_ARC = YES;
				CLANG_WARN_BLOCK_CAPTURE_AUTORELEASING = YES;
				CLANG_WARN_BOOL_CONVERSION = YES;
				CLANG_WARN_COMMA = YES;
				CLANG_WARN_CONSTANT_CONVERSION = YES;
				CLANG_WARN_DIRECT_OBJC_ISA_USAGE = YES_ERROR;
				CLANG_WARN_DOCUMENTATION_COMMENTS = YES;
				CLANG_WARN_EMPTY_BODY = YES;
				CLANG_WARN_ENUM_CONVERSION = YES;
				CLANG_WARN_INFINITE_RECURSION = YES;
				CLANG_WARN_INT_CONVERSION = YES;
				CLANG_WARN_NON_LITERAL_NULL_CONVERSION = YES;
				CLANG_WARN_OBJC_LITERAL_CONVERSION = YES;
				CLANG_WARN_OBJC_ROOT_CLASS = YES_ERROR;
				CLANG_WARN_RANGE_LOOP_ANALYSIS = YES;
				CLANG_WARN_STRICT_PROTOTYPES = YES;
				CLANG_WARN_SUSPICIOUS_MOVE = YES;
				CLANG_WARN_UNGUARDED_AVAILABILITY = YES_AGGRESSIVE;
				CLANG_WARN_UNREACHABLE_CODE = YES;
				CLANG_WARN__DUPLICATE_METHOD_MATCH = YES;
				CODE_SIGN_IDENTITY = "iPhone Developer";
				COPY_PHASE_STRIP = NO;
				DEBUG_INFORMATION_FORMAT = dwarf;
				ENABLE_STRICT_OBJC_MSGSEND = YES;
				ENABLE_TESTABILITY = YES;
				GCC_C_LANGUAGE_STANDARD = gnu11;
				GCC_DYNAMIC_NO_PIC = NO;
				GCC_NO_COMMON_BLOCKS = YES;
				GCC_OPTIMIZATION_LEVEL = 0;
				GCC_PREPROCESSOR_DEFINITIONS = (
					"DEBUG=1",
					"$(inherited)",
				);
				GCC_WARN_64_TO_32_BIT_CONVERSION = YES;
				GCC_WARN_ABOUT_RETURN_TYPE = YES_ERROR;
				GCC_WARN_UNDECLARED_SELECTOR = YES;
				GCC_WARN_UNINITIALIZED_AUTOS = YES_AGGRESSIVE;
				GCC_WARN_UNUSED_FUNCTION = YES;
				GCC_WARN_UNUSED_VARIABLE = YES;
				IPHONEOS_DEPLOYMENT_TARGET = 11.2;
				MTL_ENABLE_DEBUG_INFO = YES;
				ONLY_ACTIVE_ARCH = YES;
				SDKROOT = iphoneos;
				SWIFT_ACTIVE_COMPILATION_CONDITIONS = DEBUG;
				SWIFT_OPTIMIZATION_LEVEL = "-Onone";
			};
			name = Debug;
		};
		741D2895201DC5E9001B89FB /* Release */ = {
			isa = XCBuildConfiguration;
			buildSettings = {
				ALWAYS_SEARCH_USER_PATHS = NO;
				CLANG_ANALYZER_NONNULL = YES;
				CLANG_ANALYZER_NUMBER_OBJECT_CONVERSION = YES_AGGRESSIVE;
				CLANG_CXX_LANGUAGE_STANDARD = "gnu++14";
				CLANG_CXX_LIBRARY = "libc++";
				CLANG_ENABLE_MODULES = YES;
				CLANG_ENABLE_OBJC_ARC = YES;
				CLANG_WARN_BLOCK_CAPTURE_AUTORELEASING = YES;
				CLANG_WARN_BOOL_CONVERSION = YES;
				CLANG_WARN_COMMA = YES;
				CLANG_WARN_CONSTANT_CONVERSION = YES;
				CLANG_WARN_DIRECT_OBJC_ISA_USAGE = YES_ERROR;
				CLANG_WARN_DOCUMENTATION_COMMENTS = YES;
				CLANG_WARN_EMPTY_BODY = YES;
				CLANG_WARN_ENUM_CONVERSION = YES;
				CLANG_WARN_INFINITE_RECURSION = YES;
				CLANG_WARN_INT_CONVERSION = YES;
				CLANG_WARN_NON_LITERAL_NULL_CONVERSION = YES;
				CLANG_WARN_OBJC_LITERAL_CONVERSION = YES;
				CLANG_WARN_OBJC_ROOT_CLASS = YES_ERROR;
				CLANG_WARN_RANGE_LOOP_ANALYSIS = YES;
				CLANG_WARN_STRICT_PROTOTYPES = YES;
				CLANG_WARN_SUSPICIOUS_MOVE = YES;
				CLANG_WARN_UNGUARDED_AVAILABILITY = YES_AGGRESSIVE;
				CLANG_WARN_UNREACHABLE_CODE = YES;
				CLANG_WARN__DUPLICATE_METHOD_MATCH = YES;
				CODE_SIGN_IDENTITY = "iPhone Developer";
				COPY_PHASE_STRIP = NO;
				DEBUG_INFORMATION_FORMAT = "dwarf-with-dsym";
				ENABLE_NS_ASSERTIONS = NO;
				ENABLE_STRICT_OBJC_MSGSEND = YES;
				GCC_C_LANGUAGE_STANDARD = gnu11;
				GCC_NO_COMMON_BLOCKS = YES;
				GCC_WARN_64_TO_32_BIT_CONVERSION = YES;
				GCC_WARN_ABOUT_RETURN_TYPE = YES_ERROR;
				GCC_WARN_UNDECLARED_SELECTOR = YES;
				GCC_WARN_UNINITIALIZED_AUTOS = YES_AGGRESSIVE;
				GCC_WARN_UNUSED_FUNCTION = YES;
				GCC_WARN_UNUSED_VARIABLE = YES;
				IPHONEOS_DEPLOYMENT_TARGET = 11.2;
				MTL_ENABLE_DEBUG_INFO = NO;
				SDKROOT = iphoneos;
				SWIFT_OPTIMIZATION_LEVEL = "-Owholemodule";
				VALIDATE_PRODUCT = YES;
			};
			name = Release;
		};
		741D2897201DC5E9001B89FB /* Debug */ = {
			isa = XCBuildConfiguration;
			buildSettings = {
				ASSETCATALOG_COMPILER_APPICON_NAME = AppIcon;
				CODE_SIGN_STYLE = Automatic;
				INFOPLIST_FILE = ComData/Info.plist;
				LD_RUNPATH_SEARCH_PATHS = "$(inherited) @executable_path/Frameworks";
				PRODUCT_BUNDLE_IDENTIFIER = banisgh.ComData;
				PRODUCT_NAME = "$(TARGET_NAME)";
				SWIFT_VERSION = 4.0;
				TARGETED_DEVICE_FAMILY = "1,2";
			};
			name = Debug;
		};
		741D2898201DC5E9001B89FB /* Release */ = {
			isa = XCBuildConfiguration;
			buildSettings = {
				ASSETCATALOG_COMPILER_APPICON_NAME = AppIcon;
				CODE_SIGN_STYLE = Automatic;
				INFOPLIST_FILE = ComData/Info.plist;
				LD_RUNPATH_SEARCH_PATHS = "$(inherited) @executable_path/Frameworks";
				PRODUCT_BUNDLE_IDENTIFIER = banisgh.ComData;
				PRODUCT_NAME = "$(TARGET_NAME)";
				SWIFT_VERSION = 4.0;
				TARGETED_DEVICE_FAMILY = "1,2";
			};
			name = Release;
		};
		741D289A201DC5E9001B89FB /* Debug */ = {
			isa = XCBuildConfiguration;
			buildSettings = {
				ALWAYS_EMBED_SWIFT_STANDARD_LIBRARIES = YES;
				BUNDLE_LOADER = "$(TEST_HOST)";
				CODE_SIGN_STYLE = Automatic;
				INFOPLIST_FILE = ComDataTests/Info.plist;
				LD_RUNPATH_SEARCH_PATHS = "$(inherited) @executable_path/Frameworks @loader_path/Frameworks";
				PRODUCT_BUNDLE_IDENTIFIER = banisgh.ComDataTests;
				PRODUCT_NAME = "$(TARGET_NAME)";
				SWIFT_VERSION = 4.0;
				TARGETED_DEVICE_FAMILY = "1,2";
				TEST_HOST = "$(BUILT_PRODUCTS_DIR)/ComData.app/ComData";
			};
			name = Debug;
		};
		741D289B201DC5E9001B89FB /* Release */ = {
			isa = XCBuildConfiguration;
			buildSettings = {
				ALWAYS_EMBED_SWIFT_STANDARD_LIBRARIES = YES;
				BUNDLE_LOADER = "$(TEST_HOST)";
				CODE_SIGN_STYLE = Automatic;
				INFOPLIST_FILE = ComDataTests/Info.plist;
				LD_RUNPATH_SEARCH_PATHS = "$(inherited) @executable_path/Frameworks @loader_path/Frameworks";
				PRODUCT_BUNDLE_IDENTIFIER = banisgh.ComDataTests;
				PRODUCT_NAME = "$(TARGET_NAME)";
				SWIFT_VERSION = 4.0;
				TARGETED_DEVICE_FAMILY = "1,2";
				TEST_HOST = "$(BUILT_PRODUCTS_DIR)/ComData.app/ComData";
			};
			name = Release;
		};
		741D289D201DC5E9001B89FB /* Debug */ = {
			isa = XCBuildConfiguration;
			buildSettings = {
				ALWAYS_EMBED_SWIFT_STANDARD_LIBRARIES = YES;
				CODE_SIGN_STYLE = Automatic;
				INFOPLIST_FILE = ComDataUITests/Info.plist;
				LD_RUNPATH_SEARCH_PATHS = "$(inherited) @executable_path/Frameworks @loader_path/Frameworks";
				PRODUCT_BUNDLE_IDENTIFIER = banisgh.ComDataUITests;
				PRODUCT_NAME = "$(TARGET_NAME)";
				SWIFT_VERSION = 4.0;
				TARGETED_DEVICE_FAMILY = "1,2";
				TEST_TARGET_NAME = ComData;
			};
			name = Debug;
		};
		741D289E201DC5E9001B89FB /* Release */ = {
			isa = XCBuildConfiguration;
			buildSettings = {
				ALWAYS_EMBED_SWIFT_STANDARD_LIBRARIES = YES;
				CODE_SIGN_STYLE = Automatic;
				INFOPLIST_FILE = ComDataUITests/Info.plist;
				LD_RUNPATH_SEARCH_PATHS = "$(inherited) @executable_path/Frameworks @loader_path/Frameworks";
				PRODUCT_BUNDLE_IDENTIFIER = banisgh.ComDataUITests;
				PRODUCT_NAME = "$(TARGET_NAME)";
				SWIFT_VERSION = 4.0;
				TARGETED_DEVICE_FAMILY = "1,2";
				TEST_TARGET_NAME = ComData;
			};
			name = Release;
		};
/* End XCBuildConfiguration section */

/* Begin XCConfigurationList section */
		741D2869201DC5E9001B89FB /* Build configuration list for PBXProject "ComData" */ = {
			isa = XCConfigurationList;
			buildConfigurations = (
				741D2894201DC5E9001B89FB /* Debug */,
				741D2895201DC5E9001B89FB /* Release */,
			);
			defaultConfigurationIsVisible = 0;
			defaultConfigurationName = Release;
		};
		741D2896201DC5E9001B89FB /* Build configuration list for PBXNativeTarget "ComData" */ = {
			isa = XCConfigurationList;
			buildConfigurations = (
				741D2897201DC5E9001B89FB /* Debug */,
				741D2898201DC5E9001B89FB /* Release */,
			);
			defaultConfigurationIsVisible = 0;
			defaultConfigurationName = Release;
		};
		741D2899201DC5E9001B89FB /* Build configuration list for PBXNativeTarget "ComDataTests" */ = {
			isa = XCConfigurationList;
			buildConfigurations = (
				741D289A201DC5E9001B89FB /* Debug */,
				741D289B201DC5E9001B89FB /* Release */,
			);
			defaultConfigurationIsVisible = 0;
			defaultConfigurationName = Release;
		};
		741D289C201DC5E9001B89FB /* Build configuration list for PBXNativeTarget "ComDataUITests" */ = {
			isa = XCConfigurationList;
			buildConfigurations = (
				741D289D201DC5E9001B89FB /* Debug */,
				741D289E201DC5E9001B89FB /* Release */,
			);
			defaultConfigurationIsVisible = 0;
			defaultConfigurationName = Release;
		};
/* End XCConfigurationList section */
	};
	rootObject = 741D2866201DC5E9001B89FB /* Project object */;
}
